// !$*UTF8*$!
{
	archiveVersion = 1;
	classes = {
	};
	objectVersion = 50;
	objects = {

/* Begin PBXBuildFile section */
		9EECE3C523B197A800C77FB9 /* AppDelegate.swift in Sources */ = {isa = PBXBuildFile; fileRef = 9EECE3C423B197A800C77FB9 /* AppDelegate.swift */; };
		9EECE3C723B197A800C77FB9 /* SceneDelegate.swift in Sources */ = {isa = PBXBuildFile; fileRef = 9EECE3C623B197A800C77FB9 /* SceneDelegate.swift */; };
		9EECE3C923B197A800C77FB9 /* ContentView.swift in Sources */ = {isa = PBXBuildFile; fileRef = 9EECE3C823B197A800C77FB9 /* ContentView.swift */; };
		9EECE3CB23B197AD00C77FB9 /* Assets.xcassets in Resources */ = {isa = PBXBuildFile; fileRef = 9EECE3CA23B197AD00C77FB9 /* Assets.xcassets */; };
		9EECE3CE23B197AD00C77FB9 /* Preview Assets.xcassets in Resources */ = {isa = PBXBuildFile; fileRef = 9EECE3CD23B197AD00C77FB9 /* Preview Assets.xcassets */; };
		9EECE3D123B197AD00C77FB9 /* LaunchScreen.storyboard in Resources */ = {isa = PBXBuildFile; fileRef = 9EECE3CF23B197AD00C77FB9 /* LaunchScreen.storyboard */; };
		9EECE3DC23B197AD00C77FB9 /* mvvmTests.swift in Sources */ = {isa = PBXBuildFile; fileRef = 9EECE3DB23B197AD00C77FB9 /* mvvmTests.swift */; };
		9EECE3E723B197AD00C77FB9 /* mvvmUITests.swift in Sources */ = {isa = PBXBuildFile; fileRef = 9EECE3E623B197AD00C77FB9 /* mvvmUITests.swift */; };
/* End PBXBuildFile section */

/* Begin PBXContainerItemProxy section */
		9EECE3D823B197AD00C77FB9 /* PBXContainerItemProxy */ = {
			isa = PBXContainerItemProxy;
			containerPortal = 9EECE3B923B197A800C77FB9 /* Project object */;
			proxyType = 1;
			remoteGlobalIDString = 9EECE3C023B197A800C77FB9;
			remoteInfo = mvvm;
		};
		9EECE3E323B197AD00C77FB9 /* PBXContainerItemProxy */ = {
			isa = PBXContainerItemProxy;
			containerPortal = 9EECE3B923B197A800C77FB9 /* Project object */;
			proxyType = 1;
			remoteGlobalIDString = 9EECE3C023B197A800C77FB9;
			remoteInfo = mvvm;
		};
/* End PBXContainerItemProxy section */

/* Begin PBXFileReference section */
		9EECE3C123B197A800C77FB9 /* mvvm.app */ = {isa = PBXFileReference; explicitFileType = wrapper.application; includeInIndex = 0; path = mvvm.app; sourceTree = BUILT_PRODUCTS_DIR; };
		9EECE3C423B197A800C77FB9 /* AppDelegate.swift */ = {isa = PBXFileReference; lastKnownFileType = sourcecode.swift; path = AppDelegate.swift; sourceTree = "<group>"; };
		9EECE3C623B197A800C77FB9 /* SceneDelegate.swift */ = {isa = PBXFileReference; lastKnownFileType = sourcecode.swift; path = SceneDelegate.swift; sourceTree = "<group>"; };
		9EECE3C823B197A800C77FB9 /* ContentView.swift */ = {isa = PBXFileReference; lastKnownFileType = sourcecode.swift; path = ContentView.swift; sourceTree = "<group>"; };
		9EECE3CA23B197AD00C77FB9 /* Assets.xcassets */ = {isa = PBXFileReference; lastKnownFileType = folder.assetcatalog; path = Assets.xcassets; sourceTree = "<group>"; };
		9EECE3CD23B197AD00C77FB9 /* Preview Assets.xcassets */ = {isa = PBXFileReference; lastKnownFileType = folder.assetcatalog; path = "Preview Assets.xcassets"; sourceTree = "<group>"; };
		9EECE3D023B197AD00C77FB9 /* Base */ = {isa = PBXFileReference; lastKnownFileType = file.storyboard; name = Base; path = Base.lproj/LaunchScreen.storyboard; sourceTree = "<group>"; };
		9EECE3D223B197AD00C77FB9 /* Info.plist */ = {isa = PBXFileReference; lastKnownFileType = text.plist.xml; path = Info.plist; sourceTree = "<group>"; };
		9EECE3D723B197AD00C77FB9 /* mvvmTests.xctest */ = {isa = PBXFileReference; explicitFileType = wrapper.cfbundle; includeInIndex = 0; path = mvvmTests.xctest; sourceTree = BUILT_PRODUCTS_DIR; };
		9EECE3DB23B197AD00C77FB9 /* mvvmTests.swift */ = {isa = PBXFileReference; lastKnownFileType = sourcecode.swift; path = mvvmTests.swift; sourceTree = "<group>"; };
		9EECE3DD23B197AD00C77FB9 /* Info.plist */ = {isa = PBXFileReference; lastKnownFileType = text.plist.xml; path = Info.plist; sourceTree = "<group>"; };
		9EECE3E223B197AD00C77FB9 /* mvvmUITests.xctest */ = {isa = PBXFileReference; explicitFileType = wrapper.cfbundle; includeInIndex = 0; path = mvvmUITests.xctest; sourceTree = BUILT_PRODUCTS_DIR; };
		9EECE3E623B197AD00C77FB9 /* mvvmUITests.swift */ = {isa = PBXFileReference; lastKnownFileType = sourcecode.swift; path = mvvmUITests.swift; sourceTree = "<group>"; };
		9EECE3E823B197AD00C77FB9 /* Info.plist */ = {isa = PBXFileReference; lastKnownFileType = text.plist.xml; path = Info.plist; sourceTree = "<group>"; };
/* End PBXFileReference section */

/* Begin PBXFrameworksBuildPhase section */
		9EECE3BE23B197A800C77FB9 /* Frameworks */ = {
			isa = PBXFrameworksBuildPhase;
			buildActionMask = 2147483647;
			files = (
			);
			runOnlyForDeploymentPostprocessing = 0;
		};
		9EECE3D423B197AD00C77FB9 /* Frameworks */ = {
			isa = PBXFrameworksBuildPhase;
			buildActionMask = 2147483647;
			files = (
			);
			runOnlyForDeploymentPostprocessing = 0;
		};
		9EECE3DF23B197AD00C77FB9 /* Frameworks */ = {
			isa = PBXFrameworksBuildPhase;
			buildActionMask = 2147483647;
			files = (
			);
			runOnlyForDeploymentPostprocessing = 0;
		};
/* End PBXFrameworksBuildPhase section */

/* Begin PBXGroup section */
		9EECE3B823B197A800C77FB9 = {
			isa = PBXGroup;
			children = (
				9EECE3C323B197A800C77FB9 /* mvvm */,
				9EECE3DA23B197AD00C77FB9 /* mvvmTests */,
				9EECE3E523B197AD00C77FB9 /* mvvmUITests */,
				9EECE3C223B197A800C77FB9 /* Products */,
			);
			sourceTree = "<group>";
		};
		9EECE3C223B197A800C77FB9 /* Products */ = {
			isa = PBXGroup;
			children = (
				9EECE3C123B197A800C77FB9 /* mvvm.app */,
				9EECE3D723B197AD00C77FB9 /* mvvmTests.xctest */,
				9EECE3E223B197AD00C77FB9 /* mvvmUITests.xctest */,
			);
			name = Products;
			sourceTree = "<group>";
		};
		9EECE3C323B197A800C77FB9 /* mvvm */ = {
			isa = PBXGroup;
			children = (
				9EECE3C423B197A800C77FB9 /* AppDelegate.swift */,
				9EECE3C623B197A800C77FB9 /* SceneDelegate.swift */,
				9EECE3C823B197A800C77FB9 /* ContentView.swift */,
				9EECE3CA23B197AD00C77FB9 /* Assets.xcassets */,
				9EECE3CF23B197AD00C77FB9 /* LaunchScreen.storyboard */,
				9EECE3D223B197AD00C77FB9 /* Info.plist */,
				9EECE3CC23B197AD00C77FB9 /* Preview Content */,
			);
			path = mvvm;
			sourceTree = "<group>";
		};
		9EECE3CC23B197AD00C77FB9 /* Preview Content */ = {
			isa = PBXGroup;
			children = (
				9EECE3CD23B197AD00C77FB9 /* Preview Assets.xcassets */,
			);
			path = "Preview Content";
			sourceTree = "<group>";
		};
		9EECE3DA23B197AD00C77FB9 /* mvvmTests */ = {
			isa = PBXGroup;
			children = (
				9EECE3DB23B197AD00C77FB9 /* mvvmTests.swift */,
				9EECE3DD23B197AD00C77FB9 /* Info.plist */,
			);
			path = mvvmTests;
			sourceTree = "<group>";
		};
		9EECE3E523B197AD00C77FB9 /* mvvmUITests */ = {
			isa = PBXGroup;
			children = (
				9EECE3E623B197AD00C77FB9 /* mvvmUITests.swift */,
				9EECE3E823B197AD00C77FB9 /* Info.plist */,
			);
			path = mvvmUITests;
			sourceTree = "<group>";
		};
/* End PBXGroup section */

/* Begin PBXNativeTarget section */
		9EECE3C023B197A800C77FB9 /* mvvm */ = {
			isa = PBXNativeTarget;
			buildConfigurationList = 9EECE3EB23B197AD00C77FB9 /* Build configuration list for PBXNativeTarget "mvvm" */;
			buildPhases = (
				9EECE3BD23B197A800C77FB9 /* Sources */,
				9EECE3BE23B197A800C77FB9 /* Frameworks */,
				9EECE3BF23B197A800C77FB9 /* Resources */,
			);
			buildRules = (
			);
			dependencies = (
			);
			name = mvvm;
			productName = mvvm;
			productReference = 9EECE3C123B197A800C77FB9 /* mvvm.app */;
			productType = "com.apple.product-type.application";
		};
		9EECE3D623B197AD00C77FB9 /* mvvmTests */ = {
			isa = PBXNativeTarget;
			buildConfigurationList = 9EECE3EE23B197AD00C77FB9 /* Build configuration list for PBXNativeTarget "mvvmTests" */;
			buildPhases = (
				9EECE3D323B197AD00C77FB9 /* Sources */,
				9EECE3D423B197AD00C77FB9 /* Frameworks */,
				9EECE3D523B197AD00C77FB9 /* Resources */,
			);
			buildRules = (
			);
			dependencies = (
				9EECE3D923B197AD00C77FB9 /* PBXTargetDependency */,
			);
			name = mvvmTests;
			productName = mvvmTests;
			productReference = 9EECE3D723B197AD00C77FB9 /* mvvmTests.xctest */;
			productType = "com.apple.product-type.bundle.unit-test";
		};
		9EECE3E123B197AD00C77FB9 /* mvvmUITests */ = {
			isa = PBXNativeTarget;
			buildConfigurationList = 9EECE3F123B197AD00C77FB9 /* Build configuration list for PBXNativeTarget "mvvmUITests" */;
			buildPhases = (
				9EECE3DE23B197AD00C77FB9 /* Sources */,
				9EECE3DF23B197AD00C77FB9 /* Frameworks */,
				9EECE3E023B197AD00C77FB9 /* Resources */,
			);
			buildRules = (
			);
			dependencies = (
				9EECE3E423B197AD00C77FB9 /* PBXTargetDependency */,
			);
			name = mvvmUITests;
			productName = mvvmUITests;
			productReference = 9EECE3E223B197AD00C77FB9 /* mvvmUITests.xctest */;
			productType = "com.apple.product-type.bundle.ui-testing";
		};
/* End PBXNativeTarget section */

/* Begin PBXProject section */
		9EECE3B923B197A800C77FB9 /* Project object */ = {
			isa = PBXProject;
			attributes = {
				LastSwiftUpdateCheck = 1130;
				LastUpgradeCheck = 1130;
				ORGANIZATIONNAME = JinSeong;
				TargetAttributes = {
					9EECE3C023B197A800C77FB9 = {
						CreatedOnToolsVersion = 11.3;
					};
					9EECE3D623B197AD00C77FB9 = {
						CreatedOnToolsVersion = 11.3;
						TestTargetID = 9EECE3C023B197A800C77FB9;
					};
					9EECE3E123B197AD00C77FB9 = {
						CreatedOnToolsVersion = 11.3;
						TestTargetID = 9EECE3C023B197A800C77FB9;
					};
				};
			};
			buildConfigurationList = 9EECE3BC23B197A800C77FB9 /* Build configuration list for PBXProject "mvvm" */;
			compatibilityVersion = "Xcode 9.3";
			developmentRegion = en;
			hasScannedForEncodings = 0;
			knownRegions = (
				en,
				Base,
			);
			mainGroup = 9EECE3B823B197A800C77FB9;
			productRefGroup = 9EECE3C223B197A800C77FB9 /* Products */;
			projectDirPath = "";
			projectRoot = "";
			targets = (
				9EECE3C023B197A800C77FB9 /* mvvm */,
				9EECE3D623B197AD00C77FB9 /* mvvmTests */,
				9EECE3E123B197AD00C77FB9 /* mvvmUITests */,
			);
		};
/* End PBXProject section */

/* Begin PBXResourcesBuildPhase section */
		9EECE3BF23B197A800C77FB9 /* Resources */ = {
			isa = PBXResourcesBuildPhase;
			buildActionMask = 2147483647;
			files = (
				9EECE3D123B197AD00C77FB9 /* LaunchScreen.storyboard in Resources */,
				9EECE3CE23B197AD00C77FB9 /* Preview Assets.xcassets in Resources */,
				9EECE3CB23B197AD00C77FB9 /* Assets.xcassets in Resources */,
			);
			runOnlyForDeploymentPostprocessing = 0;
		};
		9EECE3D523B197AD00C77FB9 /* Resources */ = {
			isa = PBXResourcesBuildPhase;
			buildActionMask = 2147483647;
			files = (
			);
			runOnlyForDeploymentPostprocessing = 0;
		};
		9EECE3E023B197AD00C77FB9 /* Resources */ = {
			isa = PBXResourcesBuildPhase;
			buildActionMask = 2147483647;
			files = (
			);
			runOnlyForDeploymentPostprocessing = 0;
		};
/* End PBXResourcesBuildPhase section */

/* Begin PBXSourcesBuildPhase section */
		9EECE3BD23B197A800C77FB9 /* Sources */ = {
			isa = PBXSourcesBuildPhase;
			buildActionMask = 2147483647;
			files = (
				9EECE3C523B197A800C77FB9 /* AppDelegate.swift in Sources */,
				9EECE3C723B197A800C77FB9 /* SceneDelegate.swift in Sources */,
				9EECE3C923B197A800C77FB9 /* ContentView.swift in Sources */,
			);
			runOnlyForDeploymentPostprocessing = 0;
		};
		9EECE3D323B197AD00C77FB9 /* Sources */ = {
			isa = PBXSourcesBuildPhase;
			buildActionMask = 2147483647;
			files = (
				9EECE3DC23B197AD00C77FB9 /* mvvmTests.swift in Sources */,
			);
			runOnlyForDeploymentPostprocessing = 0;
		};
		9EECE3DE23B197AD00C77FB9 /* Sources */ = {
			isa = PBXSourcesBuildPhase;
			buildActionMask = 2147483647;
			files = (
				9EECE3E723B197AD00C77FB9 /* mvvmUITests.swift in Sources */,
			);
			runOnlyForDeploymentPostprocessing = 0;
		};
/* End PBXSourcesBuildPhase section */

/* Begin PBXTargetDependency section */
		9EECE3D923B197AD00C77FB9 /* PBXTargetDependency */ = {
			isa = PBXTargetDependency;
			target = 9EECE3C023B197A800C77FB9 /* mvvm */;
			targetProxy = 9EECE3D823B197AD00C77FB9 /* PBXContainerItemProxy */;
		};
		9EECE3E423B197AD00C77FB9 /* PBXTargetDependency */ = {
			isa = PBXTargetDependency;
			target = 9EECE3C023B197A800C77FB9 /* mvvm */;
			targetProxy = 9EECE3E323B197AD00C77FB9 /* PBXContainerItemProxy */;
		};
/* End PBXTargetDependency section */

/* Begin PBXVariantGroup section */
		9EECE3CF23B197AD00C77FB9 /* LaunchScreen.storyboard */ = {
			isa = PBXVariantGroup;
			children = (
				9EECE3D023B197AD00C77FB9 /* Base */,
			);
			name = LaunchScreen.storyboard;
			sourceTree = "<group>";
		};
/* End PBXVariantGroup section */

/* Begin XCBuildConfiguration section */
		9EECE3E923B197AD00C77FB9 /* Debug */ = {
			isa = XCBuildConfiguration;
			buildSettings = {
				ALWAYS_SEARCH_USER_PATHS = NO;
				CLANG_ANALYZER_NONNULL = YES;
				CLANG_ANALYZER_NUMBER_OBJECT_CONVERSION = YES_AGGRESSIVE;
				CLANG_CXX_LANGUAGE_STANDARD = "gnu++14";
				CLANG_CXX_LIBRARY = "libc++";
				CLANG_ENABLE_MODULES = YES;
				CLANG_ENABLE_OBJC_ARC = YES;
				CLANG_ENABLE_OBJC_WEAK = YES;
				CLANG_WARN_BLOCK_CAPTURE_AUTORELEASING = YES;
				CLANG_WARN_BOOL_CONVERSION = YES;
				CLANG_WARN_COMMA = YES;
				CLANG_WARN_CONSTANT_CONVERSION = YES;
				CLANG_WARN_DEPRECATED_OBJC_IMPLEMENTATIONS = YES;
				CLANG_WARN_DIRECT_OBJC_ISA_USAGE = YES_ERROR;
				CLANG_WARN_DOCUMENTATION_COMMENTS = YES;
				CLANG_WARN_EMPTY_BODY = YES;
				CLANG_WARN_ENUM_CONVERSION = YES;
				CLANG_WARN_INFINITE_RECURSION = YES;
				CLANG_WARN_INT_CONVERSION = YES;
				CLANG_WARN_NON_LITERAL_NULL_CONVERSION = YES;
				CLANG_WARN_OBJC_IMPLICIT_RETAIN_SELF = YES;
				CLANG_WARN_OBJC_LITERAL_CONVERSION = YES;
				CLANG_WARN_OBJC_ROOT_CLASS = YES_ERROR;
				CLANG_WARN_RANGE_LOOP_ANALYSIS = YES;
				CLANG_WARN_STRICT_PROTOTYPES = YES;
				CLANG_WARN_SUSPICIOUS_MOVE = YES;
				CLANG_WARN_UNGUARDED_AVAILABILITY = YES_AGGRESSIVE;
				CLANG_WARN_UNREACHABLE_CODE = YES;
				CLANG_WARN__DUPLICATE_METHOD_MATCH = YES;
				COPY_PHASE_STRIP = NO;
				DEBUG_INFORMATION_FORMAT = dwarf;
				ENABLE_STRICT_OBJC_MSGSEND = YES;
				ENABLE_TESTABILITY = YES;
				GCC_C_LANGUAGE_STANDARD = gnu11;
				GCC_DYNAMIC_NO_PIC = NO;
				GCC_NO_COMMON_BLOCKS = YES;
				GCC_OPTIMIZATION_LEVEL = 0;
				GCC_PREPROCESSOR_DEFINITIONS = (
					"DEBUG=1",
					"$(inherited)",
				);
				GCC_WARN_64_TO_32_BIT_CONVERSION = YES;
				GCC_WARN_ABOUT_RETURN_TYPE = YES_ERROR;
				GCC_WARN_UNDECLARED_SELECTOR = YES;
				GCC_WARN_UNINITIALIZED_AUTOS = YES_AGGRESSIVE;
				GCC_WARN_UNUSED_FUNCTION = YES;
				GCC_WARN_UNUSED_VARIABLE = YES;
				IPHONEOS_DEPLOYMENT_TARGET = 13.2;
				MTL_ENABLE_DEBUG_INFO = INCLUDE_SOURCE;
				MTL_FAST_MATH = YES;
				ONLY_ACTIVE_ARCH = YES;
				SDKROOT = iphoneos;
				SWIFT_ACTIVE_COMPILATION_CONDITIONS = DEBUG;
				SWIFT_OPTIMIZATION_LEVEL = "-Onone";
			};
			name = Debug;
		};
		9EECE3EA23B197AD00C77FB9 /* Release */ = {
			isa = XCBuildConfiguration;
			buildSettings = {
				ALWAYS_SEARCH_USER_PATHS = NO;
				CLANG_ANALYZER_NONNULL = YES;
				CLANG_ANALYZER_NUMBER_OBJECT_CONVERSION = YES_AGGRESSIVE;
				CLANG_CXX_LANGUAGE_STANDARD = "gnu++14";
				CLANG_CXX_LIBRARY = "libc++";
				CLANG_ENABLE_MODULES = YES;
				CLANG_ENABLE_OBJC_ARC = YES;
				CLANG_ENABLE_OBJC_WEAK = YES;
				CLANG_WARN_BLOCK_CAPTURE_AUTORELEASING = YES;
				CLANG_WARN_BOOL_CONVERSION = YES;
				CLANG_WARN_COMMA = YES;
				CLANG_WARN_CONSTANT_CONVERSION = YES;
				CLANG_WARN_DEPRECATED_OBJC_IMPLEMENTATIONS = YES;
				CLANG_WARN_DIRECT_OBJC_ISA_USAGE = YES_ERROR;
				CLANG_WARN_DOCUMENTATION_COMMENTS = YES;
				CLANG_WARN_EMPTY_BODY = YES;
				CLANG_WARN_ENUM_CONVERSION = YES;
				CLANG_WARN_INFINITE_RECURSION = YES;
				CLANG_WARN_INT_CONVERSION = YES;
				CLANG_WARN_NON_LITERAL_NULL_CONVERSION = YES;
				CLANG_WARN_OBJC_IMPLICIT_RETAIN_SELF = YES;
				CLANG_WARN_OBJC_LITERAL_CONVERSION = YES;
				CLANG_WARN_OBJC_ROOT_CLASS = YES_ERROR;
				CLANG_WARN_RANGE_LOOP_ANALYSIS = YES;
				CLANG_WARN_STRICT_PROTOTYPES = YES;
				CLANG_WARN_SUSPICIOUS_MOVE = YES;
				CLANG_WARN_UNGUARDED_AVAILABILITY = YES_AGGRESSIVE;
				CLANG_WARN_UNREACHABLE_CODE = YES;
				CLANG_WARN__DUPLICATE_METHOD_MATCH = YES;
				COPY_PHASE_STRIP = NO;
				DEBUG_INFORMATION_FORMAT = "dwarf-with-dsym";
				ENABLE_NS_ASSERTIONS = NO;
				ENABLE_STRICT_OBJC_MSGSEND = YES;
				GCC_C_LANGUAGE_STANDARD = gnu11;
				GCC_NO_COMMON_BLOCKS = YES;
				GCC_WARN_64_TO_32_BIT_CONVERSION = YES;
				GCC_WARN_ABOUT_RETURN_TYPE = YES_ERROR;
				GCC_WARN_UNDECLARED_SELECTOR = YES;
				GCC_WARN_UNINITIALIZED_AUTOS = YES_AGGRESSIVE;
				GCC_WARN_UNUSED_FUNCTION = YES;
				GCC_WARN_UNUSED_VARIABLE = YES;
				IPHONEOS_DEPLOYMENT_TARGET = 13.2;
				MTL_ENABLE_DEBUG_INFO = NO;
				MTL_FAST_MATH = YES;
				SDKROOT = iphoneos;
				SWIFT_COMPILATION_MODE = wholemodule;
				SWIFT_OPTIMIZATION_LEVEL = "-O";
				VALIDATE_PRODUCT = YES;
			};
			name = Release;
		};
		9EECE3EC23B197AD00C77FB9 /* Debug */ = {
			isa = XCBuildConfiguration;
			buildSettings = {
				ASSETCATALOG_COMPILER_APPICON_NAME = AppIcon;
				CODE_SIGN_STYLE = Automatic;
				DEVELOPMENT_ASSET_PATHS = "\"mvvm/Preview Content\"";
				DEVELOPMENT_TEAM = VFXGNX98CC;
				ENABLE_PREVIEWS = YES;
				INFOPLIST_FILE = mvvm/Info.plist;
				LD_RUNPATH_SEARCH_PATHS = (
					"$(inherited)",
					"@executable_path/Frameworks",
				);
				PRODUCT_BUNDLE_IDENTIFIER = kim.jinseong.mvvm;
				PRODUCT_NAME = "$(TARGET_NAME)";
				SWIFT_VERSION = 5.0;
				TARGETED_DEVICE_FAMILY = "1,2";
			};
			name = Debug;
		};
		9EECE3ED23B197AD00C77FB9 /* Release */ = {
			isa = XCBuildConfiguration;
			buildSettings = {
				ASSETCATALOG_COMPILER_APPICON_NAME = AppIcon;
				CODE_SIGN_STYLE = Automatic;
				DEVELOPMENT_ASSET_PATHS = "\"mvvm/Preview Content\"";
				DEVELOPMENT_TEAM = VFXGNX98CC;
				ENABLE_PREVIEWS = YES;
				INFOPLIST_FILE = mvvm/Info.plist;
				LD_RUNPATH_SEARCH_PATHS = (
					"$(inherited)",
					"@executable_path/Frameworks",
				);
				PRODUCT_BUNDLE_IDENTIFIER = kim.jinseong.mvvm;
				PRODUCT_NAME = "$(TARGET_NAME)";
				SWIFT_VERSION = 5.0;
				TARGETED_DEVICE_FAMILY = "1,2";
			};
			name = Release;
		};
		9EECE3EF23B197AD00C77FB9 /* Debug */ = {
			isa = XCBuildConfiguration;
			buildSettings = {
				ALWAYS_EMBED_SWIFT_STANDARD_LIBRARIES = YES;
				BUNDLE_LOADER = "$(TEST_HOST)";
				CODE_SIGN_STYLE = Automatic;
				DEVELOPMENT_TEAM = VFXGNX98CC;
				INFOPLIST_FILE = mvvmTests/Info.plist;
				IPHONEOS_DEPLOYMENT_TARGET = 13.2;
				LD_RUNPATH_SEARCH_PATHS = (
					"$(inherited)",
					"@executable_path/Frameworks",
					"@loader_path/Frameworks",
				);
				PRODUCT_BUNDLE_IDENTIFIER = kim.jinseong.mvvmTests;
				PRODUCT_NAME = "$(TARGET_NAME)";
				SWIFT_VERSION = 5.0;
				TARGETED_DEVICE_FAMILY = "1,2";
				TEST_HOST = "$(BUILT_PRODUCTS_DIR)/mvvm.app/mvvm";
			};
			name = Debug;
		};
		9EECE3F023B197AD00C77FB9 /* Release */ = {
			isa = XCBuildConfiguration;
			buildSettings = {
				ALWAYS_EMBED_SWIFT_STANDARD_LIBRARIES = YES;
				BUNDLE_LOADER = "$(TEST_HOST)";
				CODE_SIGN_STYLE = Automatic;
				DEVELOPMENT_TEAM = VFXGNX98CC;
				INFOPLIST_FILE = mvvmTests/Info.plist;
				IPHONEOS_DEPLOYMENT_TARGET = 13.2;
				LD_RUNPATH_SEARCH_PATHS = (
					"$(inherited)",
					"@executable_path/Frameworks",
					"@loader_path/Frameworks",
				);
				PRODUCT_BUNDLE_IDENTIFIER = kim.jinseong.mvvmTests;
				PRODUCT_NAME = "$(TARGET_NAME)";
				SWIFT_VERSION = 5.0;
				TARGETED_DEVICE_FAMILY = "1,2";
				TEST_HOST = "$(BUILT_PRODUCTS_DIR)/mvvm.app/mvvm";
			};
			name = Release;
		};
		9EECE3F223B197AD00C77FB9 /* Debug */ = {
			isa = XCBuildConfiguration;
			buildSettings = {
				ALWAYS_EMBED_SWIFT_STANDARD_LIBRARIES = YES;
				CODE_SIGN_STYLE = Automatic;
				DEVELOPMENT_TEAM = VFXGNX98CC;
				INFOPLIST_FILE = mvvmUITests/Info.plist;
				LD_RUNPATH_SEARCH_PATHS = (
					"$(inherited)",
					"@executable_path/Frameworks",
					"@loader_path/Frameworks",
				);
				PRODUCT_BUNDLE_IDENTIFIER = kim.jinseong.mvvmUITests;
				PRODUCT_NAME = "$(TARGET_NAME)";
				SWIFT_VERSION = 5.0;
				TARGETED_DEVICE_FAMILY = "1,2";
				TEST_TARGET_NAME = mvvm;
			};
			name = Debug;
		};
		9EECE3F323B197AD00C77FB9 /* Release */ = {
			isa = XCBuildConfiguration;
			buildSettings = {
				ALWAYS_EMBED_SWIFT_STANDARD_LIBRARIES = YES;
				CODE_SIGN_STYLE = Automatic;
				DEVELOPMENT_TEAM = VFXGNX98CC;
				INFOPLIST_FILE = mvvmUITests/Info.plist;
				LD_RUNPATH_SEARCH_PATHS = (
					"$(inherited)",
					"@executable_path/Frameworks",
					"@loader_path/Frameworks",
				);
				PRODUCT_BUNDLE_IDENTIFIER = kim.jinseong.mvvmUITests;
				PRODUCT_NAME = "$(TARGET_NAME)";
				SWIFT_VERSION = 5.0;
				TARGETED_DEVICE_FAMILY = "1,2";
				TEST_TARGET_NAME = mvvm;
			};
			name = Release;
		};
/* End XCBuildConfiguration section */

/* Begin XCConfigurationList section */
		9EECE3BC23B197A800C77FB9 /* Build configuration list for PBXProject "mvvm" */ = {
			isa = XCConfigurationList;
			buildConfigurations = (
				9EECE3E923B197AD00C77FB9 /* Debug */,
				9EECE3EA23B197AD00C77FB9 /* Release */,
			);
			defaultConfigurationIsVisible = 0;
			defaultConfigurationName = Release;
		};
		9EECE3EB23B197AD00C77FB9 /* Build configuration list for PBXNativeTarget "mvvm" */ = {
			isa = XCConfigurationList;
			buildConfigurations = (
				9EECE3EC23B197AD00C77FB9 /* Debug */,
				9EECE3ED23B197AD00C77FB9 /* Release */,
			);
			defaultConfigurationIsVisible = 0;
			defaultConfigurationName = Release;
		};
		9EECE3EE23B197AD00C77FB9 /* Build configuration list for PBXNativeTarget "mvvmTests" */ = {
			isa = XCConfigurationList;
			buildConfigurations = (
				9EECE3EF23B197AD00C77FB9 /* Debug */,
				9EECE3F023B197AD00C77FB9 /* Release */,
			);
			defaultConfigurationIsVisible = 0;
			defaultConfigurationName = Release;
		};
		9EECE3F123B197AD00C77FB9 /* Build configuration list for PBXNativeTarget "mvvmUITests" */ = {
			isa = XCConfigurationList;
			buildConfigurations = (
				9EECE3F223B197AD00C77FB9 /* Debug */,
				9EECE3F323B197AD00C77FB9 /* Release */,
			);
			defaultConfigurationIsVisible = 0;
			defaultConfigurationName = Release;
		};
/* End XCConfigurationList section */
	};
	rootObject = 9EECE3B923B197A800C77FB9 /* Project object */;
}
